// !$*UTF8*$!
{
	archiveVersion = 1;
	classes = {
	};
	objectVersion = 48;
	objects = {

/* Begin PBXBuildFile section */
		D135B90A201C235E00EF4598 /* AppDelegate.swift in Sources */ = {isa = PBXBuildFile; fileRef = D135B909201C235E00EF4598 /* AppDelegate.swift */; };
		D135B91F201C262D00EF4598 /* CoreVisionWrapper.swift in Sources */ = {isa = PBXBuildFile; fileRef = D135B91E201C262D00EF4598 /* CoreVisionWrapper.swift */; };
		D135B922201C2E9E00EF4598 /* UIImage+CVPixelBuffer.swift in Sources */ = {isa = PBXBuildFile; fileRef = D135B921201C2E9E00EF4598 /* UIImage+CVPixelBuffer.swift */; };
		D135B925201C2FB300EF4598 /* Util.swift in Sources */ = {isa = PBXBuildFile; fileRef = D135B924201C2FB300EF4598 /* Util.swift */; };
		D135B92A201C42A300EF4598 /* NumberChactersRecognitionModel.mlmodel in Sources */ = {isa = PBXBuildFile; fileRef = D135B929201C42A300EF4598 /* NumberChactersRecognitionModel.mlmodel */; };
		D135B92C201C42D000EF4598 /* MLModelWrapper.swift in Sources */ = {isa = PBXBuildFile; fileRef = D135B92B201C42D000EF4598 /* MLModelWrapper.swift */; };
		D135B935201C4B2500EF4598 /* Assets.xcassets in Resources */ = {isa = PBXBuildFile; fileRef = D135B92E201C4B2500EF4598 /* Assets.xcassets */; };
		D135B936201C4B2500EF4598 /* LaunchScreen.storyboard in Resources */ = {isa = PBXBuildFile; fileRef = D135B92F201C4B2500EF4598 /* LaunchScreen.storyboard */; };
		D135B937201C4B2500EF4598 /* Main.storyboard in Resources */ = {isa = PBXBuildFile; fileRef = D135B931201C4B2500EF4598 /* Main.storyboard */; };
		D135B938201C4B2500EF4598 /* ViewController.swift in Sources */ = {isa = PBXBuildFile; fileRef = D135B934201C4B2500EF4598 /* ViewController.swift */; };
		D135B93B201D9B2F00EF4598 /* UIImage+Regions.swift in Sources */ = {isa = PBXBuildFile; fileRef = D135B93A201D9B2F00EF4598 /* UIImage+Regions.swift */; };
/* End PBXBuildFile section */

/* Begin PBXFileReference section */
		D135B906201C235E00EF4598 /* OpticalCharactersCamera.app */ = {isa = PBXFileReference; explicitFileType = wrapper.application; includeInIndex = 0; path = OpticalCharactersCamera.app; sourceTree = BUILT_PRODUCTS_DIR; };
		D135B909201C235E00EF4598 /* AppDelegate.swift */ = {isa = PBXFileReference; lastKnownFileType = sourcecode.swift; path = AppDelegate.swift; sourceTree = "<group>"; };
		D135B915201C235E00EF4598 /* Info.plist */ = {isa = PBXFileReference; lastKnownFileType = text.plist.xml; path = Info.plist; sourceTree = "<group>"; };
		D135B91E201C262D00EF4598 /* CoreVisionWrapper.swift */ = {isa = PBXFileReference; fileEncoding = 4; lastKnownFileType = sourcecode.swift; path = CoreVisionWrapper.swift; sourceTree = "<group>"; };
		D135B921201C2E9E00EF4598 /* UIImage+CVPixelBuffer.swift */ = {isa = PBXFileReference; lastKnownFileType = sourcecode.swift; path = "UIImage+CVPixelBuffer.swift"; sourceTree = "<group>"; };
		D135B924201C2FB300EF4598 /* Util.swift */ = {isa = PBXFileReference; lastKnownFileType = sourcecode.swift; path = Util.swift; sourceTree = "<group>"; };
		D135B929201C42A300EF4598 /* NumberChactersRecognitionModel.mlmodel */ = {isa = PBXFileReference; lastKnownFileType = file.mlmodel; path = NumberChactersRecognitionModel.mlmodel; sourceTree = "<group>"; };
		D135B92B201C42D000EF4598 /* MLModelWrapper.swift */ = {isa = PBXFileReference; lastKnownFileType = sourcecode.swift; path = MLModelWrapper.swift; sourceTree = "<group>"; };
		D135B92E201C4B2500EF4598 /* Assets.xcassets */ = {isa = PBXFileReference; lastKnownFileType = folder.assetcatalog; path = Assets.xcassets; sourceTree = "<group>"; };
		D135B930201C4B2500EF4598 /* Base */ = {isa = PBXFileReference; lastKnownFileType = file.storyboard; name = Base; path = Base.lproj/LaunchScreen.storyboard; sourceTree = "<group>"; };
		D135B932201C4B2500EF4598 /* Base */ = {isa = PBXFileReference; lastKnownFileType = file.storyboard; name = Base; path = Base.lproj/Main.storyboard; sourceTree = "<group>"; };
		D135B934201C4B2500EF4598 /* ViewController.swift */ = {isa = PBXFileReference; fileEncoding = 4; lastKnownFileType = sourcecode.swift; path = ViewController.swift; sourceTree = "<group>"; };
		D135B93A201D9B2F00EF4598 /* UIImage+Regions.swift */ = {isa = PBXFileReference; lastKnownFileType = sourcecode.swift; path = "UIImage+Regions.swift"; sourceTree = "<group>"; };
/* End PBXFileReference section */

/* Begin PBXFrameworksBuildPhase section */
		D135B903201C235E00EF4598 /* Frameworks */ = {
			isa = PBXFrameworksBuildPhase;
			buildActionMask = 2147483647;
			files = (
			);
			runOnlyForDeploymentPostprocessing = 0;
		};
/* End PBXFrameworksBuildPhase section */

/* Begin PBXGroup section */
		D135B8FD201C235E00EF4598 = {
			isa = PBXGroup;
			children = (
				D135B908201C235E00EF4598 /* OpticalCharactersCamera */,
				D135B907201C235E00EF4598 /* Products */,
			);
			sourceTree = "<group>";
		};
		D135B907201C235E00EF4598 /* Products */ = {
			isa = PBXGroup;
			children = (
				D135B906201C235E00EF4598 /* OpticalCharactersCamera.app */,
			);
			name = Products;
			sourceTree = "<group>";
		};
		D135B908201C235E00EF4598 /* OpticalCharactersCamera */ = {
			isa = PBXGroup;
			children = (
				D135B909201C235E00EF4598 /* AppDelegate.swift */,
				D135B915201C235E00EF4598 /* Info.plist */,
				D135B933201C4B2500EF4598 /* Controllers */,
				D135B92D201C4B2500EF4598 /* Resource */,
				D135B91D201C262D00EF4598 /* CoreVision */,
				D135B928201C428000EF4598 /* CoreML */,
				D135B920201C2E7400EF4598 /* Extensions */,
				D135B923201C2FA500EF4598 /* Utils */,
			);
			path = OpticalCharactersCamera;
			sourceTree = "<group>";
		};
		D135B91D201C262D00EF4598 /* CoreVision */ = {
			isa = PBXGroup;
			children = (
				D135B91E201C262D00EF4598 /* CoreVisionWrapper.swift */,
			);
			path = CoreVision;
			sourceTree = "<group>";
		};
		D135B920201C2E7400EF4598 /* Extensions */ = {
			isa = PBXGroup;
			children = (
				D135B921201C2E9E00EF4598 /* UIImage+CVPixelBuffer.swift */,
				D135B93A201D9B2F00EF4598 /* UIImage+Regions.swift */,
			);
			path = Extensions;
			sourceTree = "<group>";
		};
		D135B923201C2FA500EF4598 /* Utils */ = {
			isa = PBXGroup;
			children = (
				D135B924201C2FB300EF4598 /* Util.swift */,
			);
			path = Utils;
			sourceTree = "<group>";
		};
		D135B928201C428000EF4598 /* CoreML */ = {
			isa = PBXGroup;
			children = (
				D135B929201C42A300EF4598 /* NumberChactersRecognitionModel.mlmodel */,
				D135B92B201C42D000EF4598 /* MLModelWrapper.swift */,
			);
			path = CoreML;
			sourceTree = "<group>";
		};
		D135B92D201C4B2500EF4598 /* Resource */ = {
			isa = PBXGroup;
			children = (
				D135B92E201C4B2500EF4598 /* Assets.xcassets */,
				D135B92F201C4B2500EF4598 /* LaunchScreen.storyboard */,
				D135B931201C4B2500EF4598 /* Main.storyboard */,
			);
			path = Resource;
			sourceTree = "<group>";
		};
		D135B933201C4B2500EF4598 /* Controllers */ = {
			isa = PBXGroup;
			children = (
				D135B934201C4B2500EF4598 /* ViewController.swift */,
			);
			path = Controllers;
			sourceTree = "<group>";
		};
/* End PBXGroup section */

/* Begin PBXNativeTarget section */
		D135B905201C235E00EF4598 /* OpticalCharactersCamera */ = {
			isa = PBXNativeTarget;
			buildConfigurationList = D135B918201C235E00EF4598 /* Build configuration list for PBXNativeTarget "OpticalCharactersCamera" */;
			buildPhases = (
				D135B902201C235E00EF4598 /* Sources */,
				D135B903201C235E00EF4598 /* Frameworks */,
				D135B904201C235E00EF4598 /* Resources */,
			);
			buildRules = (
			);
			dependencies = (
			);
			name = OpticalCharactersCamera;
			productName = OpticalCharactersCamera;
			productReference = D135B906201C235E00EF4598 /* OpticalCharactersCamera.app */;
			productType = "com.apple.product-type.application";
		};
/* End PBXNativeTarget section */

/* Begin PBXProject section */
		D135B8FE201C235E00EF4598 /* Project object */ = {
			isa = PBXProject;
			attributes = {
				LastSwiftUpdateCheck = 0920;
				LastUpgradeCheck = 0920;
				ORGANIZATIONNAME = "Dinh Thanh An";
				TargetAttributes = {
					D135B905201C235E00EF4598 = {
						CreatedOnToolsVersion = 9.2;
						ProvisioningStyle = Automatic;
					};
				};
			};
			buildConfigurationList = D135B901201C235E00EF4598 /* Build configuration list for PBXProject "OpticalCharactersCamera" */;
			compatibilityVersion = "Xcode 8.0";
			developmentRegion = en;
			hasScannedForEncodings = 0;
			knownRegions = (
				en,
				Base,
			);
			mainGroup = D135B8FD201C235E00EF4598;
			productRefGroup = D135B907201C235E00EF4598 /* Products */;
			projectDirPath = "";
			projectRoot = "";
			targets = (
				D135B905201C235E00EF4598 /* OpticalCharactersCamera */,
			);
		};
/* End PBXProject section */

/* Begin PBXResourcesBuildPhase section */
		D135B904201C235E00EF4598 /* Resources */ = {
			isa = PBXResourcesBuildPhase;
			buildActionMask = 2147483647;
			files = (
				D135B935201C4B2500EF4598 /* Assets.xcassets in Resources */,
				D135B937201C4B2500EF4598 /* Main.storyboard in Resources */,
				D135B936201C4B2500EF4598 /* LaunchScreen.storyboard in Resources */,
			);
			runOnlyForDeploymentPostprocessing = 0;
		};
/* End PBXResourcesBuildPhase section */

/* Begin PBXSourcesBuildPhase section */
		D135B902201C235E00EF4598 /* Sources */ = {
			isa = PBXSourcesBuildPhase;
			buildActionMask = 2147483647;
			files = (
				D135B91F201C262D00EF4598 /* CoreVisionWrapper.swift in Sources */,
				D135B925201C2FB300EF4598 /* Util.swift in Sources */,
				D135B92A201C42A300EF4598 /* NumberChactersRecognitionModel.mlmodel in Sources */,
				D135B93B201D9B2F00EF4598 /* UIImage+Regions.swift in Sources */,
				D135B922201C2E9E00EF4598 /* UIImage+CVPixelBuffer.swift in Sources */,
				D135B92C201C42D000EF4598 /* MLModelWrapper.swift in Sources */,
				D135B938201C4B2500EF4598 /* ViewController.swift in Sources */,
				D135B90A201C235E00EF4598 /* AppDelegate.swift in Sources */,
			);
			runOnlyForDeploymentPostprocessing = 0;
		};
/* End PBXSourcesBuildPhase section */

/* Begin PBXVariantGroup section */
		D135B92F201C4B2500EF4598 /* LaunchScreen.storyboard */ = {
			isa = PBXVariantGroup;
			children = (
				D135B930201C4B2500EF4598 /* Base */,
			);
			name = LaunchScreen.storyboard;
			sourceTree = "<group>";
		};
		D135B931201C4B2500EF4598 /* Main.storyboard */ = {
			isa = PBXVariantGroup;
			children = (
				D135B932201C4B2500EF4598 /* Base */,
			);
			name = Main.storyboard;
			sourceTree = "<group>";
		};
/* End PBXVariantGroup section */

/* Begin XCBuildConfiguration section */
		D135B916201C235E00EF4598 /* Debug */ = {
			isa = XCBuildConfiguration;
			buildSettings = {
				ALWAYS_SEARCH_USER_PATHS = NO;
				CLANG_ANALYZER_NONNULL = YES;
				CLANG_ANALYZER_NUMBER_OBJECT_CONVERSION = YES_AGGRESSIVE;
				CLANG_CXX_LANGUAGE_STANDARD = "gnu++14";
				CLANG_CXX_LIBRARY = "libc++";
				CLANG_ENABLE_MODULES = YES;
				CLANG_ENABLE_OBJC_ARC = YES;
				CLANG_WARN_BLOCK_CAPTURE_AUTORELEASING = YES;
				CLANG_WARN_BOOL_CONVERSION = YES;
				CLANG_WARN_COMMA = YES;
				CLANG_WARN_CONSTANT_CONVERSION = YES;
				CLANG_WARN_DIRECT_OBJC_ISA_USAGE = YES_ERROR;
				CLANG_WARN_DOCUMENTATION_COMMENTS = YES;
				CLANG_WARN_EMPTY_BODY = YES;
				CLANG_WARN_ENUM_CONVERSION = YES;
				CLANG_WARN_INFINITE_RECURSION = YES;
				CLANG_WARN_INT_CONVERSION = YES;
				CLANG_WARN_NON_LITERAL_NULL_CONVERSION = YES;
				CLANG_WARN_OBJC_LITERAL_CONVERSION = YES;
				CLANG_WARN_OBJC_ROOT_CLASS = YES_ERROR;
				CLANG_WARN_RANGE_LOOP_ANALYSIS = YES;
				CLANG_WARN_STRICT_PROTOTYPES = YES;
				CLANG_WARN_SUSPICIOUS_MOVE = YES;
				CLANG_WARN_UNGUARDED_AVAILABILITY = YES_AGGRESSIVE;
				CLANG_WARN_UNREACHABLE_CODE = YES;
				CLANG_WARN__DUPLICATE_METHOD_MATCH = YES;
				CODE_SIGN_IDENTITY = "iPhone Developer";
				COPY_PHASE_STRIP = NO;
				DEBUG_INFORMATION_FORMAT = dwarf;
				ENABLE_STRICT_OBJC_MSGSEND = YES;
				ENABLE_TESTABILITY = YES;
				GCC_C_LANGUAGE_STANDARD = gnu11;
				GCC_DYNAMIC_NO_PIC = NO;
				GCC_NO_COMMON_BLOCKS = YES;
				GCC_OPTIMIZATION_LEVEL = 0;
				GCC_PREPROCESSOR_DEFINITIONS = (
					"DEBUG=1",
					"$(inherited)",
				);
				GCC_WARN_64_TO_32_BIT_CONVERSION = YES;
				GCC_WARN_ABOUT_RETURN_TYPE = YES_ERROR;
				GCC_WARN_UNDECLARED_SELECTOR = YES;
				GCC_WARN_UNINITIALIZED_AUTOS = YES_AGGRESSIVE;
				GCC_WARN_UNUSED_FUNCTION = YES;
				GCC_WARN_UNUSED_VARIABLE = YES;
				IPHONEOS_DEPLOYMENT_TARGET = 11.2;
				MTL_ENABLE_DEBUG_INFO = YES;
				ONLY_ACTIVE_ARCH = YES;
				SDKROOT = iphoneos;
				SWIFT_ACTIVE_COMPILATION_CONDITIONS = DEBUG;
				SWIFT_OPTIMIZATION_LEVEL = "-Onone";
			};
			name = Debug;
		};
		D135B917201C235E00EF4598 /* Release */ = {
			isa = XCBuildConfiguration;
			buildSettings = {
				ALWAYS_SEARCH_USER_PATHS = NO;
				CLANG_ANALYZER_NONNULL = YES;
				CLANG_ANALYZER_NUMBER_OBJECT_CONVERSION = YES_AGGRESSIVE;
				CLANG_CXX_LANGUAGE_STANDARD = "gnu++14";
				CLANG_CXX_LIBRARY = "libc++";
				CLANG_ENABLE_MODULES = YES;
				CLANG_ENABLE_OBJC_ARC = YES;
				CLANG_WARN_BLOCK_CAPTURE_AUTORELEASING = YES;
				CLANG_WARN_BOOL_CONVERSION = YES;
				CLANG_WARN_COMMA = YES;
				CLANG_WARN_CONSTANT_CONVERSION = YES;
				CLANG_WARN_DIRECT_OBJC_ISA_USAGE = YES_ERROR;
				CLANG_WARN_DOCUMENTATION_COMMENTS = YES;
				CLANG_WARN_EMPTY_BODY = YES;
				CLANG_WARN_ENUM_CONVERSION = YES;
				CLANG_WARN_INFINITE_RECURSION = YES;
				CLANG_WARN_INT_CONVERSION = YES;
				CLANG_WARN_NON_LITERAL_NULL_CONVERSION = YES;
				CLANG_WARN_OBJC_LITERAL_CONVERSION = YES;
				CLANG_WARN_OBJC_ROOT_CLASS = YES_ERROR;
				CLANG_WARN_RANGE_LOOP_ANALYSIS = YES;
				CLANG_WARN_STRICT_PROTOTYPES = YES;
				CLANG_WARN_SUSPICIOUS_MOVE = YES;
				CLANG_WARN_UNGUARDED_AVAILABILITY = YES_AGGRESSIVE;
				CLANG_WARN_UNREACHABLE_CODE = YES;
				CLANG_WARN__DUPLICATE_METHOD_MATCH = YES;
				CODE_SIGN_IDENTITY = "iPhone Developer";
				COPY_PHASE_STRIP = NO;
				DEBUG_INFORMATION_FORMAT = "dwarf-with-dsym";
				ENABLE_NS_ASSERTIONS = NO;
				ENABLE_STRICT_OBJC_MSGSEND = YES;
				GCC_C_LANGUAGE_STANDARD = gnu11;
				GCC_NO_COMMON_BLOCKS = YES;
				GCC_WARN_64_TO_32_BIT_CONVERSION = YES;
				GCC_WARN_ABOUT_RETURN_TYPE = YES_ERROR;
				GCC_WARN_UNDECLARED_SELECTOR = YES;
				GCC_WARN_UNINITIALIZED_AUTOS = YES_AGGRESSIVE;
				GCC_WARN_UNUSED_FUNCTION = YES;
				GCC_WARN_UNUSED_VARIABLE = YES;
				IPHONEOS_DEPLOYMENT_TARGET = 11.2;
				MTL_ENABLE_DEBUG_INFO = NO;
				SDKROOT = iphoneos;
				SWIFT_OPTIMIZATION_LEVEL = "-Owholemodule";
				VALIDATE_PRODUCT = YES;
			};
			name = Release;
		};
		D135B919201C235E00EF4598 /* Debug */ = {
			isa = XCBuildConfiguration;
			buildSettings = {
				ASSETCATALOG_COMPILER_APPICON_NAME = AppIcon;
				CODE_SIGN_STYLE = Automatic;
				INFOPLIST_FILE = OpticalCharactersCamera/Info.plist;
				LD_RUNPATH_SEARCH_PATHS = "$(inherited) @executable_path/Frameworks";
				PRODUCT_BUNDLE_IDENTIFIER = an.OpticalCharactersCamera;
				PRODUCT_NAME = "$(TARGET_NAME)";
				SWIFT_VERSION = 4.0;
				TARGETED_DEVICE_FAMILY = "1,2";
			};
			name = Debug;
		};
		D135B91A201C235E00EF4598 /* Release */ = {
			isa = XCBuildConfiguration;
			buildSettings = {
				ASSETCATALOG_COMPILER_APPICON_NAME = AppIcon;
				CODE_SIGN_STYLE = Automatic;
				INFOPLIST_FILE = OpticalCharactersCamera/Info.plist;
				LD_RUNPATH_SEARCH_PATHS = "$(inherited) @executable_path/Frameworks";
				PRODUCT_BUNDLE_IDENTIFIER = an.OpticalCharactersCamera;
				PRODUCT_NAME = "$(TARGET_NAME)";
				SWIFT_VERSION = 4.0;
				TARGETED_DEVICE_FAMILY = "1,2";
			};
			name = Release;
		};
/* End XCBuildConfiguration section */

/* Begin XCConfigurationList section */
		D135B901201C235E00EF4598 /* Build configuration list for PBXProject "OpticalCharactersCamera" */ = {
			isa = XCConfigurationList;
			buildConfigurations = (
				D135B916201C235E00EF4598 /* Debug */,
				D135B917201C235E00EF4598 /* Release */,
			);
			defaultConfigurationIsVisible = 0;
			defaultConfigurationName = Release;
		};
		D135B918201C235E00EF4598 /* Build configuration list for PBXNativeTarget "OpticalCharactersCamera" */ = {
			isa = XCConfigurationList;
			buildConfigurations = (
				D135B919201C235E00EF4598 /* Debug */,
				D135B91A201C235E00EF4598 /* Release */,
			);
			defaultConfigurationIsVisible = 0;
			defaultConfigurationName = Release;
		};
/* End XCConfigurationList section */
	};
	rootObject = D135B8FE201C235E00EF4598 /* Project object */;
}
